
Microsoft Visual Studio Solution File, Format Version 12.00
# Visual Studio Version 17
VisualStudioVersion = 17.8.34330.188
MinimumVisualStudioVersion = 10.0.40219.1
Project("{FAE04EC0-301F-11D3-BF4B-00C04F79EFBC}") = "YuGiOh", "YuGiOh.csproj", "{C7A28285-E113-4ECD-9752-4AD98D8ECF11}"
EndProject
Global
	GlobalSection(SolutionConfigurationPlatforms) = preSolution
		Debug|Any CPU = Debug|Any CPU
		Release|Any CPU = Release|Any CPU
	EndGlobalSection
	GlobalSection(ProjectConfigurationPlatforms) = postSolution
		{C7A28285-E113-4ECD-9752-4AD98D8ECF11}.Debug|Any CPU.ActiveCfg = Debug|Any CPU
		{C7A28285-E113-4ECD-9752-4AD98D8ECF11}.Debug|Any CPU.Build.0 = Debug|Any CPU
		{C7A28285-E113-4ECD-9752-4AD98D8ECF11}.Release|Any CPU.ActiveCfg = Release|Any CPU
		{C7A28285-E113-4ECD-9752-4AD98D8ECF11}.Release|Any CPU.Build.0 = Release|Any CPU
	EndGlobalSection
	GlobalSection(SolutionProperties) = preSolution
		HideSolutionNode = FALSE
	EndGlobalSection
	GlobalSection(ExtensibilityGlobals) = postSolution
		SolutionGuid = {37713AFE-B28D-43FA-B7C9-95AB02CC1D63}
	EndGlobalSection
EndGlobal
